<?xml version="1.0" encoding="utf-8"?>
<Project ToolsVersion="4.0" xmlns="http://schemas.microsoft.com/developer/msbuild/2003">
  <ItemGroup>
    <Filter Include="GameEngine">
      <UniqueIdentifier>{D54F7917-C107-BB64-2A0F-94C016E65555}</UniqueIdentifier>
    </Filter>
  </ItemGroup>
  <ItemGroup>
    <ClInclude Include="src\GameEngine.h" />
    <ClInclude Include="src\GameEngine\Application.h">
      <Filter>GameEngine</Filter>
    </ClInclude>
    <ClInclude Include="src\GameEngine\Core.h">
      <Filter>GameEngine</Filter>
    </ClInclude>
    <ClInclude Include="src\GameEngine\Log.h">
      <Filter>GameEngine</Filter>
    </ClInclude>
    <ClInclude Include="src\GameEngine\MainThread.h">
      <Filter>GameEngine</Filter>
    </ClInclude>
  </ItemGroup>
  <ItemGroup>
    <ClCompile Include="src\GameEngine\Application.cpp">
      <Filter>GameEngine</Filter>
    </ClCompile>
    <ClCompile Include="src\GameEngine\Log.cpp">
      <Filter>GameEngine</Filter>
    </ClCompile>
  </ItemGroup>
</Project>